// !$*UTF8*$!
{
	archiveVersion = 1;
	classes = {
	};
	objectVersion = 50;
	objects = {

/* Begin PBXBuildFile section */
		6657025F226D6FCC0077F021 /* AppDelegate.swift in Sources */ = {isa = PBXBuildFile; fileRef = 6657025E226D6FCC0077F021 /* AppDelegate.swift */; };
		66570261226D6FCC0077F021 /* ViewController.swift in Sources */ = {isa = PBXBuildFile; fileRef = 66570260226D6FCC0077F021 /* ViewController.swift */; };
		66570264226D6FCC0077F021 /* Main.storyboard in Resources */ = {isa = PBXBuildFile; fileRef = 66570262226D6FCC0077F021 /* Main.storyboard */; };
		66570267226D6FCC0077F021 /* TechMonster.xcdatamodeld in Sources */ = {isa = PBXBuildFile; fileRef = 66570265226D6FCC0077F021 /* TechMonster.xcdatamodeld */; };
		66570269226D6FCE0077F021 /* Assets.xcassets in Resources */ = {isa = PBXBuildFile; fileRef = 66570268226D6FCE0077F021 /* Assets.xcassets */; };
		6657026C226D6FCE0077F021 /* LaunchScreen.storyboard in Resources */ = {isa = PBXBuildFile; fileRef = 6657026A226D6FCE0077F021 /* LaunchScreen.storyboard */; };
		66570274226D70020077F021 /* BattleViewController.swift in Sources */ = {isa = PBXBuildFile; fileRef = 66570273226D70020077F021 /* BattleViewController.swift */; };
		66570276226D701C0077F021 /* LobbyViewController.swift in Sources */ = {isa = PBXBuildFile; fileRef = 66570275226D701C0077F021 /* LobbyViewController.swift */; };
		6657028E226D70E30077F021 /* lobby.png in Resources */ = {isa = PBXBuildFile; fileRef = 66570279226D70E30077F021 /* lobby.png */; };
		6657028F226D70E30077F021 /* battlebg.png in Resources */ = {isa = PBXBuildFile; fileRef = 6657027A226D70E30077F021 /* battlebg.png */; };
		66570290226D70E30077F021 /* bgimage.jpg in Resources */ = {isa = PBXBuildFile; fileRef = 6657027B226D70E30077F021 /* bgimage.jpg */; };
		66570291226D70E30077F021 /* waku.png in Resources */ = {isa = PBXBuildFile; fileRef = 6657027C226D70E30077F021 /* waku.png */; };
		66570292226D70E30077F021 /* gold_button.png in Resources */ = {isa = PBXBuildFile; fileRef = 6657027D226D70E30077F021 /* gold_button.png */; };
		66570293226D70E30077F021 /* yusya.png in Resources */ = {isa = PBXBuildFile; fileRef = 6657027E226D70E30077F021 /* yusya.png */; };
		66570294226D70E30077F021 /* monster.png in Resources */ = {isa = PBXBuildFile; fileRef = 6657027F226D70E30077F021 /* monster.png */; };
		66570295226D70E30077F021 /* Enemy.swift in Sources */ = {isa = PBXBuildFile; fileRef = 66570281226D70E30077F021 /* Enemy.swift */; };
		66570296226D70E30077F021 /* TechDraUtil.swift in Sources */ = {isa = PBXBuildFile; fileRef = 66570282226D70E30077F021 /* TechDraUtil.swift */; };
		66570297226D70E30077F021 /* Player.swift in Sources */ = {isa = PBXBuildFile; fileRef = 66570283226D70E30077F021 /* Player.swift */; };
		66570298226D70E30077F021 /* SE_fanfare.mp3 in Resources */ = {isa = PBXBuildFile; fileRef = 66570285226D70E30077F021 /* SE_fanfare.mp3 */; };
		66570299226D70E30077F021 /* BGM_battle001.mp3 in Resources */ = {isa = PBXBuildFile; fileRef = 66570286226D70E30077F021 /* BGM_battle001.mp3 */; };
		6657029A226D70E30077F021 /* SE_fire.mp3 in Resources */ = {isa = PBXBuildFile; fileRef = 66570287226D70E30077F021 /* SE_fire.mp3 */; };
		6657029B226D70E30077F021 /* SE_attack.mp3 in Resources */ = {isa = PBXBuildFile; fileRef = 66570288226D70E30077F021 /* SE_attack.mp3 */; };
		6657029C226D70E30077F021 /* SE_gameover.mp3 in Resources */ = {isa = PBXBuildFile; fileRef = 66570289226D70E30077F021 /* SE_gameover.mp3 */; };
		6657029D226D70E30077F021 /* SE_charge.mp3 in Resources */ = {isa = PBXBuildFile; fileRef = 6657028A226D70E30077F021 /* SE_charge.mp3 */; };
		6657029E226D70E30077F021 /* lobby.mp3 in Resources */ = {isa = PBXBuildFile; fileRef = 6657028B226D70E30077F021 /* lobby.mp3 */; };
		6657029F226D70E30077F021 /* misaki_gothic.ttf in Resources */ = {isa = PBXBuildFile; fileRef = 6657028D226D70E30077F021 /* misaki_gothic.ttf */; };
/* End PBXBuildFile section */

/* Begin PBXFileReference section */
		6657025B226D6FCC0077F021 /* TechMonster.app */ = {isa = PBXFileReference; explicitFileType = wrapper.application; includeInIndex = 0; path = TechMonster.app; sourceTree = BUILT_PRODUCTS_DIR; };
		6657025E226D6FCC0077F021 /* AppDelegate.swift */ = {isa = PBXFileReference; lastKnownFileType = sourcecode.swift; path = AppDelegate.swift; sourceTree = "<group>"; };
		66570260226D6FCC0077F021 /* ViewController.swift */ = {isa = PBXFileReference; lastKnownFileType = sourcecode.swift; path = ViewController.swift; sourceTree = "<group>"; };
		66570263226D6FCC0077F021 /* Base */ = {isa = PBXFileReference; lastKnownFileType = file.storyboard; name = Base; path = Base.lproj/Main.storyboard; sourceTree = "<group>"; };
		66570266226D6FCC0077F021 /* TechMonster.xcdatamodel */ = {isa = PBXFileReference; lastKnownFileType = wrapper.xcdatamodel; path = TechMonster.xcdatamodel; sourceTree = "<group>"; };
		66570268226D6FCE0077F021 /* Assets.xcassets */ = {isa = PBXFileReference; lastKnownFileType = folder.assetcatalog; path = Assets.xcassets; sourceTree = "<group>"; };
		6657026B226D6FCE0077F021 /* Base */ = {isa = PBXFileReference; lastKnownFileType = file.storyboard; name = Base; path = Base.lproj/LaunchScreen.storyboard; sourceTree = "<group>"; };
		6657026D226D6FCE0077F021 /* Info.plist */ = {isa = PBXFileReference; lastKnownFileType = text.plist.xml; path = Info.plist; sourceTree = "<group>"; };
		66570273226D70020077F021 /* BattleViewController.swift */ = {isa = PBXFileReference; lastKnownFileType = sourcecode.swift; path = BattleViewController.swift; sourceTree = "<group>"; };
		66570275226D701C0077F021 /* LobbyViewController.swift */ = {isa = PBXFileReference; lastKnownFileType = sourcecode.swift; path = LobbyViewController.swift; sourceTree = "<group>"; };
		66570279226D70E30077F021 /* lobby.png */ = {isa = PBXFileReference; lastKnownFileType = image.png; path = lobby.png; sourceTree = "<group>"; };
		6657027A226D70E30077F021 /* battlebg.png */ = {isa = PBXFileReference; lastKnownFileType = image.png; path = battlebg.png; sourceTree = "<group>"; };
		6657027B226D70E30077F021 /* bgimage.jpg */ = {isa = PBXFileReference; lastKnownFileType = image.jpeg; path = bgimage.jpg; sourceTree = "<group>"; };
		6657027C226D70E30077F021 /* waku.png */ = {isa = PBXFileReference; lastKnownFileType = image.png; path = waku.png; sourceTree = "<group>"; };
		6657027D226D70E30077F021 /* gold_button.png */ = {isa = PBXFileReference; lastKnownFileType = image.png; path = gold_button.png; sourceTree = "<group>"; };
		6657027E226D70E30077F021 /* yusya.png */ = {isa = PBXFileReference; lastKnownFileType = image.png; path = yusya.png; sourceTree = "<group>"; };
		6657027F226D70E30077F021 /* monster.png */ = {isa = PBXFileReference; lastKnownFileType = image.png; path = monster.png; sourceTree = "<group>"; };
		66570281226D70E30077F021 /* Enemy.swift */ = {isa = PBXFileReference; fileEncoding = 4; lastKnownFileType = sourcecode.swift; path = Enemy.swift; sourceTree = "<group>"; };
		66570282226D70E30077F021 /* TechDraUtil.swift */ = {isa = PBXFileReference; fileEncoding = 4; lastKnownFileType = sourcecode.swift; path = TechDraUtil.swift; sourceTree = "<group>"; };
		66570283226D70E30077F021 /* Player.swift */ = {isa = PBXFileReference; fileEncoding = 4; lastKnownFileType = sourcecode.swift; path = Player.swift; sourceTree = "<group>"; };
		66570285226D70E30077F021 /* SE_fanfare.mp3 */ = {isa = PBXFileReference; lastKnownFileType = audio.mp3; path = SE_fanfare.mp3; sourceTree = "<group>"; };
		66570286226D70E30077F021 /* BGM_battle001.mp3 */ = {isa = PBXFileReference; lastKnownFileType = audio.mp3; path = BGM_battle001.mp3; sourceTree = "<group>"; };
		66570287226D70E30077F021 /* SE_fire.mp3 */ = {isa = PBXFileReference; lastKnownFileType = audio.mp3; path = SE_fire.mp3; sourceTree = "<group>"; };
		66570288226D70E30077F021 /* SE_attack.mp3 */ = {isa = PBXFileReference; lastKnownFileType = audio.mp3; path = SE_attack.mp3; sourceTree = "<group>"; };
		66570289226D70E30077F021 /* SE_gameover.mp3 */ = {isa = PBXFileReference; lastKnownFileType = audio.mp3; path = SE_gameover.mp3; sourceTree = "<group>"; };
		6657028A226D70E30077F021 /* SE_charge.mp3 */ = {isa = PBXFileReference; lastKnownFileType = audio.mp3; path = SE_charge.mp3; sourceTree = "<group>"; };
		6657028B226D70E30077F021 /* lobby.mp3 */ = {isa = PBXFileReference; lastKnownFileType = audio.mp3; path = lobby.mp3; sourceTree = "<group>"; };
		6657028D226D70E30077F021 /* misaki_gothic.ttf */ = {isa = PBXFileReference; lastKnownFileType = file; path = misaki_gothic.ttf; sourceTree = "<group>"; };
/* End PBXFileReference section */

/* Begin PBXFrameworksBuildPhase section */
		66570258226D6FCC0077F021 /* Frameworks */ = {
			isa = PBXFrameworksBuildPhase;
			buildActionMask = 2147483647;
			files = (
			);
			runOnlyForDeploymentPostprocessing = 0;
		};
/* End PBXFrameworksBuildPhase section */

/* Begin PBXGroup section */
		66570252226D6FCC0077F021 = {
			isa = PBXGroup;
			children = (
				6657025D226D6FCC0077F021 /* TechMonster */,
				6657025C226D6FCC0077F021 /* Products */,
				66570277226D70E30077F021 /* TechMon_Resources */,
			);
			sourceTree = "<group>";
		};
		6657025C226D6FCC0077F021 /* Products */ = {
			isa = PBXGroup;
			children = (
				6657025B226D6FCC0077F021 /* TechMonster.app */,
			);
			name = Products;
			sourceTree = "<group>";
		};
		6657025D226D6FCC0077F021 /* TechMonster */ = {
			isa = PBXGroup;
			children = (
				6657025E226D6FCC0077F021 /* AppDelegate.swift */,
				66570260226D6FCC0077F021 /* ViewController.swift */,
				66570275226D701C0077F021 /* LobbyViewController.swift */,
				66570273226D70020077F021 /* BattleViewController.swift */,
				66570262226D6FCC0077F021 /* Main.storyboard */,
				66570268226D6FCE0077F021 /* Assets.xcassets */,
				6657026A226D6FCE0077F021 /* LaunchScreen.storyboard */,
				6657026D226D6FCE0077F021 /* Info.plist */,
				66570265226D6FCC0077F021 /* TechMonster.xcdatamodeld */,
			);
			path = TechMonster;
			sourceTree = "<group>";
		};
		66570277226D70E30077F021 /* TechMon_Resources */ = {
			isa = PBXGroup;
			children = (
				66570278226D70E30077F021 /* Images */,
				66570280226D70E30077F021 /* Models */,
				66570284226D70E30077F021 /* Sounds */,
				6657028C226D70E30077F021 /* Fonts */,
			);
			path = TechMon_Resources;
			sourceTree = "<group>";
		};
		66570278226D70E30077F021 /* Images */ = {
			isa = PBXGroup;
			children = (
				66570279226D70E30077F021 /* lobby.png */,
				6657027A226D70E30077F021 /* battlebg.png */,
				6657027B226D70E30077F021 /* bgimage.jpg */,
				6657027C226D70E30077F021 /* waku.png */,
				6657027D226D70E30077F021 /* gold_button.png */,
				6657027E226D70E30077F021 /* yusya.png */,
				6657027F226D70E30077F021 /* monster.png */,
			);
			path = Images;
			sourceTree = "<group>";
		};
		66570280226D70E30077F021 /* Models */ = {
			isa = PBXGroup;
			children = (
				66570281226D70E30077F021 /* Enemy.swift */,
				66570282226D70E30077F021 /* TechDraUtil.swift */,
				66570283226D70E30077F021 /* Player.swift */,
			);
			path = Models;
			sourceTree = "<group>";
		};
		66570284226D70E30077F021 /* Sounds */ = {
			isa = PBXGroup;
			children = (
				66570285226D70E30077F021 /* SE_fanfare.mp3 */,
				66570286226D70E30077F021 /* BGM_battle001.mp3 */,
				66570287226D70E30077F021 /* SE_fire.mp3 */,
				66570288226D70E30077F021 /* SE_attack.mp3 */,
				66570289226D70E30077F021 /* SE_gameover.mp3 */,
				6657028A226D70E30077F021 /* SE_charge.mp3 */,
				6657028B226D70E30077F021 /* lobby.mp3 */,
			);
			path = Sounds;
			sourceTree = "<group>";
		};
		6657028C226D70E30077F021 /* Fonts */ = {
			isa = PBXGroup;
			children = (
				6657028D226D70E30077F021 /* misaki_gothic.ttf */,
			);
			path = Fonts;
			sourceTree = "<group>";
		};
/* End PBXGroup section */

/* Begin PBXNativeTarget section */
		6657025A226D6FCC0077F021 /* TechMonster */ = {
			isa = PBXNativeTarget;
			buildConfigurationList = 66570270226D6FCE0077F021 /* Build configuration list for PBXNativeTarget "TechMonster" */;
			buildPhases = (
				66570257226D6FCC0077F021 /* Sources */,
				66570258226D6FCC0077F021 /* Frameworks */,
				66570259226D6FCC0077F021 /* Resources */,
			);
			buildRules = (
			);
			dependencies = (
			);
			name = TechMonster;
			productName = TechMonster;
			productReference = 6657025B226D6FCC0077F021 /* TechMonster.app */;
			productType = "com.apple.product-type.application";
		};
/* End PBXNativeTarget section */

/* Begin PBXProject section */
		66570253226D6FCC0077F021 /* Project object */ = {
			isa = PBXProject;
			attributes = {
				LastSwiftUpdateCheck = 1020;
				LastUpgradeCheck = 1020;
				ORGANIZATIONNAME = litech;
				TargetAttributes = {
					6657025A226D6FCC0077F021 = {
						CreatedOnToolsVersion = 10.2.1;
					};
				};
			};
			buildConfigurationList = 66570256226D6FCC0077F021 /* Build configuration list for PBXProject "TechMonster" */;
			compatibilityVersion = "Xcode 9.3";
			developmentRegion = en;
			hasScannedForEncodings = 0;
			knownRegions = (
				en,
				Base,
			);
			mainGroup = 66570252226D6FCC0077F021;
			productRefGroup = 6657025C226D6FCC0077F021 /* Products */;
			projectDirPath = "";
			projectRoot = "";
			targets = (
				6657025A226D6FCC0077F021 /* TechMonster */,
			);
		};
/* End PBXProject section */

/* Begin PBXResourcesBuildPhase section */
		66570259226D6FCC0077F021 /* Resources */ = {
			isa = PBXResourcesBuildPhase;
			buildActionMask = 2147483647;
			files = (
				66570293226D70E30077F021 /* yusya.png in Resources */,
				66570290226D70E30077F021 /* bgimage.jpg in Resources */,
				66570291226D70E30077F021 /* waku.png in Resources */,
				66570298226D70E30077F021 /* SE_fanfare.mp3 in Resources */,
				6657028E226D70E30077F021 /* lobby.png in Resources */,
				66570292226D70E30077F021 /* gold_button.png in Resources */,
				6657029B226D70E30077F021 /* SE_attack.mp3 in Resources */,
				6657026C226D6FCE0077F021 /* LaunchScreen.storyboard in Resources */,
				6657029E226D70E30077F021 /* lobby.mp3 in Resources */,
				66570269226D6FCE0077F021 /* Assets.xcassets in Resources */,
				6657029F226D70E30077F021 /* misaki_gothic.ttf in Resources */,
				6657029C226D70E30077F021 /* SE_gameover.mp3 in Resources */,
				6657028F226D70E30077F021 /* battlebg.png in Resources */,
				66570299226D70E30077F021 /* BGM_battle001.mp3 in Resources */,
				6657029D226D70E30077F021 /* SE_charge.mp3 in Resources */,
				6657029A226D70E30077F021 /* SE_fire.mp3 in Resources */,
				66570294226D70E30077F021 /* monster.png in Resources */,
				66570264226D6FCC0077F021 /* Main.storyboard in Resources */,
			);
			runOnlyForDeploymentPostprocessing = 0;
		};
/* End PBXResourcesBuildPhase section */

/* Begin PBXSourcesBuildPhase section */
		66570257226D6FCC0077F021 /* Sources */ = {
			isa = PBXSourcesBuildPhase;
			buildActionMask = 2147483647;
			files = (
				66570274226D70020077F021 /* BattleViewController.swift in Sources */,
				66570276226D701C0077F021 /* LobbyViewController.swift in Sources */,
				66570295226D70E30077F021 /* Enemy.swift in Sources */,
				66570261226D6FCC0077F021 /* ViewController.swift in Sources */,
				66570297226D70E30077F021 /* Player.swift in Sources */,
				66570267226D6FCC0077F021 /* TechMonster.xcdatamodeld in Sources */,
				6657025F226D6FCC0077F021 /* AppDelegate.swift in Sources */,
				66570296226D70E30077F021 /* TechDraUtil.swift in Sources */,
			);
			runOnlyForDeploymentPostprocessing = 0;
		};
/* End PBXSourcesBuildPhase section */

/* Begin PBXVariantGroup section */
		66570262226D6FCC0077F021 /* Main.storyboard */ = {
			isa = PBXVariantGroup;
			children = (
				66570263226D6FCC0077F021 /* Base */,
			);
			name = Main.storyboard;
			sourceTree = "<group>";
		};
		6657026A226D6FCE0077F021 /* LaunchScreen.storyboard */ = {
			isa = PBXVariantGroup;
			children = (
				6657026B226D6FCE0077F021 /* Base */,
			);
			name = LaunchScreen.storyboard;
			sourceTree = "<group>";
		};
/* End PBXVariantGroup section */

/* Begin XCBuildConfiguration section */
		6657026E226D6FCE0077F021 /* Debug */ = {
			isa = XCBuildConfiguration;
			buildSettings = {
				ALWAYS_SEARCH_USER_PATHS = NO;
				CLANG_ANALYZER_NONNULL = YES;
				CLANG_ANALYZER_NUMBER_OBJECT_CONVERSION = YES_AGGRESSIVE;
				CLANG_CXX_LANGUAGE_STANDARD = "gnu++14";
				CLANG_CXX_LIBRARY = "libc++";
				CLANG_ENABLE_MODULES = YES;
				CLANG_ENABLE_OBJC_ARC = YES;
				CLANG_ENABLE_OBJC_WEAK = YES;
				CLANG_WARN_BLOCK_CAPTURE_AUTORELEASING = YES;
				CLANG_WARN_BOOL_CONVERSION = YES;
				CLANG_WARN_COMMA = YES;
				CLANG_WARN_CONSTANT_CONVERSION = YES;
				CLANG_WARN_DEPRECATED_OBJC_IMPLEMENTATIONS = YES;
				CLANG_WARN_DIRECT_OBJC_ISA_USAGE = YES_ERROR;
				CLANG_WARN_DOCUMENTATION_COMMENTS = YES;
				CLANG_WARN_EMPTY_BODY = YES;
				CLANG_WARN_ENUM_CONVERSION = YES;
				CLANG_WARN_INFINITE_RECURSION = YES;
				CLANG_WARN_INT_CONVERSION = YES;
				CLANG_WARN_NON_LITERAL_NULL_CONVERSION = YES;
				CLANG_WARN_OBJC_IMPLICIT_RETAIN_SELF = YES;
				CLANG_WARN_OBJC_LITERAL_CONVERSION = YES;
				CLANG_WARN_OBJC_ROOT_CLASS = YES_ERROR;
				CLANG_WARN_RANGE_LOOP_ANALYSIS = YES;
				CLANG_WARN_STRICT_PROTOTYPES = YES;
				CLANG_WARN_SUSPICIOUS_MOVE = YES;
				CLANG_WARN_UNGUARDED_AVAILABILITY = YES_AGGRESSIVE;
				CLANG_WARN_UNREACHABLE_CODE = YES;
				CLANG_WARN__DUPLICATE_METHOD_MATCH = YES;
				CODE_SIGN_IDENTITY = "iPhone Developer";
				COPY_PHASE_STRIP = NO;
				DEBUG_INFORMATION_FORMAT = dwarf;
				ENABLE_STRICT_OBJC_MSGSEND = YES;
				ENABLE_TESTABILITY = YES;
				GCC_C_LANGUAGE_STANDARD = gnu11;
				GCC_DYNAMIC_NO_PIC = NO;
				GCC_NO_COMMON_BLOCKS = YES;
				GCC_OPTIMIZATION_LEVEL = 0;
				GCC_PREPROCESSOR_DEFINITIONS = (
					"DEBUG=1",
					"$(inherited)",
				);
				GCC_WARN_64_TO_32_BIT_CONVERSION = YES;
				GCC_WARN_ABOUT_RETURN_TYPE = YES_ERROR;
				GCC_WARN_UNDECLARED_SELECTOR = YES;
				GCC_WARN_UNINITIALIZED_AUTOS = YES_AGGRESSIVE;
				GCC_WARN_UNUSED_FUNCTION = YES;
				GCC_WARN_UNUSED_VARIABLE = YES;
				IPHONEOS_DEPLOYMENT_TARGET = 12.2;
				MTL_ENABLE_DEBUG_INFO = INCLUDE_SOURCE;
				MTL_FAST_MATH = YES;
				ONLY_ACTIVE_ARCH = YES;
				SDKROOT = iphoneos;
				SWIFT_ACTIVE_COMPILATION_CONDITIONS = DEBUG;
				SWIFT_OPTIMIZATION_LEVEL = "-Onone";
			};
			name = Debug;
		};
		6657026F226D6FCE0077F021 /* Release */ = {
			isa = XCBuildConfiguration;
			buildSettings = {
				ALWAYS_SEARCH_USER_PATHS = NO;
				CLANG_ANALYZER_NONNULL = YES;
				CLANG_ANALYZER_NUMBER_OBJECT_CONVERSION = YES_AGGRESSIVE;
				CLANG_CXX_LANGUAGE_STANDARD = "gnu++14";
				CLANG_CXX_LIBRARY = "libc++";
				CLANG_ENABLE_MODULES = YES;
				CLANG_ENABLE_OBJC_ARC = YES;
				CLANG_ENABLE_OBJC_WEAK = YES;
				CLANG_WARN_BLOCK_CAPTURE_AUTORELEASING = YES;
				CLANG_WARN_BOOL_CONVERSION = YES;
				CLANG_WARN_COMMA = YES;
				CLANG_WARN_CONSTANT_CONVERSION = YES;
				CLANG_WARN_DEPRECATED_OBJC_IMPLEMENTATIONS = YES;
				CLANG_WARN_DIRECT_OBJC_ISA_USAGE = YES_ERROR;
				CLANG_WARN_DOCUMENTATION_COMMENTS = YES;
				CLANG_WARN_EMPTY_BODY = YES;
				CLANG_WARN_ENUM_CONVERSION = YES;
				CLANG_WARN_INFINITE_RECURSION = YES;
				CLANG_WARN_INT_CONVERSION = YES;
				CLANG_WARN_NON_LITERAL_NULL_CONVERSION = YES;
				CLANG_WARN_OBJC_IMPLICIT_RETAIN_SELF = YES;
				CLANG_WARN_OBJC_LITERAL_CONVERSION = YES;
				CLANG_WARN_OBJC_ROOT_CLASS = YES_ERROR;
				CLANG_WARN_RANGE_LOOP_ANALYSIS = YES;
				CLANG_WARN_STRICT_PROTOTYPES = YES;
				CLANG_WARN_SUSPICIOUS_MOVE = YES;
				CLANG_WARN_UNGUARDED_AVAILABILITY = YES_AGGRESSIVE;
				CLANG_WARN_UNREACHABLE_CODE = YES;
				CLANG_WARN__DUPLICATE_METHOD_MATCH = YES;
				CODE_SIGN_IDENTITY = "iPhone Developer";
				COPY_PHASE_STRIP = NO;
				DEBUG_INFORMATION_FORMAT = "dwarf-with-dsym";
				ENABLE_NS_ASSERTIONS = NO;
				ENABLE_STRICT_OBJC_MSGSEND = YES;
				GCC_C_LANGUAGE_STANDARD = gnu11;
				GCC_NO_COMMON_BLOCKS = YES;
				GCC_WARN_64_TO_32_BIT_CONVERSION = YES;
				GCC_WARN_ABOUT_RETURN_TYPE = YES_ERROR;
				GCC_WARN_UNDECLARED_SELECTOR = YES;
				GCC_WARN_UNINITIALIZED_AUTOS = YES_AGGRESSIVE;
				GCC_WARN_UNUSED_FUNCTION = YES;
				GCC_WARN_UNUSED_VARIABLE = YES;
				IPHONEOS_DEPLOYMENT_TARGET = 12.2;
				MTL_ENABLE_DEBUG_INFO = NO;
				MTL_FAST_MATH = YES;
				SDKROOT = iphoneos;
				SWIFT_COMPILATION_MODE = wholemodule;
				SWIFT_OPTIMIZATION_LEVEL = "-O";
				VALIDATE_PRODUCT = YES;
			};
			name = Release;
		};
		66570271226D6FCE0077F021 /* Debug */ = {
			isa = XCBuildConfiguration;
			buildSettings = {
				ASSETCATALOG_COMPILER_APPICON_NAME = AppIcon;
				CODE_SIGN_STYLE = Automatic;
				INFOPLIST_FILE = TechMonster/Info.plist;
				IPHONEOS_DEPLOYMENT_TARGET = 12.2;
				LD_RUNPATH_SEARCH_PATHS = (
					"$(inherited)",
					"@executable_path/Frameworks",
				);
				PRODUCT_BUNDLE_IDENTIFIER = com.litech.TechMonster;
				PRODUCT_NAME = "$(TARGET_NAME)";
				SWIFT_VERSION = 5.0;
				TARGETED_DEVICE_FAMILY = "1,2";
			};
			name = Debug;
		};
		66570272226D6FCE0077F021 /* Release */ = {
			isa = XCBuildConfiguration;
			buildSettings = {
				ASSETCATALOG_COMPILER_APPICON_NAME = AppIcon;
				CODE_SIGN_STYLE = Automatic;
				INFOPLIST_FILE = TechMonster/Info.plist;
				IPHONEOS_DEPLOYMENT_TARGET = 12.2;
				LD_RUNPATH_SEARCH_PATHS = (
					"$(inherited)",
					"@executable_path/Frameworks",
				);
				PRODUCT_BUNDLE_IDENTIFIER = com.litech.TechMonster;
				PRODUCT_NAME = "$(TARGET_NAME)";
				SWIFT_VERSION = 5.0;
				TARGETED_DEVICE_FAMILY = "1,2";
			};
			name = Release;
		};
/* End XCBuildConfiguration section */

/* Begin XCConfigurationList section */
		66570256226D6FCC0077F021 /* Build configuration list for PBXProject "TechMonster" */ = {
			isa = XCConfigurationList;
			buildConfigurations = (
				6657026E226D6FCE0077F021 /* Debug */,
				6657026F226D6FCE0077F021 /* Release */,
			);
			defaultConfigurationIsVisible = 0;
			defaultConfigurationName = Release;
		};
		66570270226D6FCE0077F021 /* Build configuration list for PBXNativeTarget "TechMonster" */ = {
			isa = XCConfigurationList;
			buildConfigurations = (
				66570271226D6FCE0077F021 /* Debug */,
				66570272226D6FCE0077F021 /* Release */,
			);
			defaultConfigurationIsVisible = 0;
			defaultConfigurationName = Release;
		};
/* End XCConfigurationList section */

/* Begin XCVersionGroup section */
		66570265226D6FCC0077F021 /* TechMonster.xcdatamodeld */ = {
			isa = XCVersionGroup;
			children = (
				66570266226D6FCC0077F021 /* TechMonster.xcdatamodel */,
			);
			currentVersion = 66570266226D6FCC0077F021 /* TechMonster.xcdatamodel */;
			path = TechMonster.xcdatamodeld;
			sourceTree = "<group>";
			versionGroupType = wrapper.xcdatamodel;
		};
/* End XCVersionGroup section */
	};
	rootObject = 66570253226D6FCC0077F021 /* Project object */;
}
